github.com/akiraoka29/go-photo-sharing-api v0.0.0-20230727132249-84c71447884b h1:mELsqbOAE1zqZ1/Hklgt9RVT3z4qd0wpn/3aRP6vCBQ=
github.com/akiraoka29/go-photo-sharing-api v0.0.0-20230727132249-84c71447884b/go.mod h1:rgObScDg1thnEMzn3WkMhwgl78d6jliuVkHdJMC2yfQ=
github.com/go-sql-driver/mysql v1.7.1 h1:lUIinVbN1DY0xBg0eMOzmmtGoHwWBbvnWubQUrtU8EI=
github.com/go-sql-driver/mysql v1.7.1/go.mod h1:OXbVy3sEdcQ2Doequ6Z5BW6fXNQTmx+9S1MCJN5yJMI=
